
Microsoft Visual Studio Solution File, Format Version 12.00
# Visual Studio Version 17
VisualStudioVersion = 17.5.33516.290
MinimumVisualStudioVersion = 10.0.40219.1
Project("{FAE04EC0-301F-11D3-BF4B-00C04F79EFBC}") = "ExamMicroTec", "ExamMicroTec.csproj", "{D594736E-61C1-4468-AE94-5B3C1B8C4476}"
EndProject
Global
	GlobalSection(SolutionConfigurationPlatforms) = preSolution
		Debug|Any CPU = Debug|Any CPU
		Release|Any CPU = Release|Any CPU
	EndGlobalSection
	GlobalSection(ProjectConfigurationPlatforms) = postSolution
		{D594736E-61C1-4468-AE94-5B3C1B8C4476}.Debug|Any CPU.ActiveCfg = Debug|Any CPU
		{D594736E-61C1-4468-AE94-5B3C1B8C4476}.Debug|Any CPU.Build.0 = Debug|Any CPU
		{D594736E-61C1-4468-AE94-5B3C1B8C4476}.Release|Any CPU.ActiveCfg = Release|Any CPU
		{D594736E-61C1-4468-AE94-5B3C1B8C4476}.Release|Any CPU.Build.0 = Release|Any CPU
	EndGlobalSection
	GlobalSection(SolutionProperties) = preSolution
		HideSolutionNode = FALSE
	EndGlobalSection
	GlobalSection(ExtensibilityGlobals) = postSolution
		SolutionGuid = {BA64C33B-2F42-4AD2-B6D0-B7F040000D58}
	EndGlobalSection
EndGlobal
